
Microsoft Visual Studio Solution File, Format Version 12.00
# Visual Studio Version 16
VisualStudioVersion = 16.0.31005.135
MinimumVisualStudioVersion = 10.0.40219.1
Project("{9A19103F-16F7-4668-BE54-9A1E7A4F7556}") = "ConsoleAnimation", "ConsoleAnimation\ConsoleAnimation.csproj", "{8728575F-F8E0-4C83-AD98-D481EEF80A16}"
EndProject
Project("{FAE04EC0-301F-11D3-BF4B-00C04F79EFBC}") = "Tetris", "Tetris\Tetris.csproj", "{77242DF6-9FA5-4228-8919-FE293E6F69B9}"
EndProject
Global
	GlobalSection(SolutionConfigurationPlatforms) = preSolution
		Debug|Any CPU = Debug|Any CPU
		Release|Any CPU = Release|Any CPU
	EndGlobalSection
	GlobalSection(ProjectConfigurationPlatforms) = postSolution
		{8728575F-F8E0-4C83-AD98-D481EEF80A16}.Debug|Any CPU.ActiveCfg = Debug|Any CPU
		{8728575F-F8E0-4C83-AD98-D481EEF80A16}.Debug|Any CPU.Build.0 = Debug|Any CPU
		{8728575F-F8E0-4C83-AD98-D481EEF80A16}.Release|Any CPU.ActiveCfg = Release|Any CPU
		{8728575F-F8E0-4C83-AD98-D481EEF80A16}.Release|Any CPU.Build.0 = Release|Any CPU
		{77242DF6-9FA5-4228-8919-FE293E6F69B9}.Debug|Any CPU.ActiveCfg = Debug|Any CPU
		{77242DF6-9FA5-4228-8919-FE293E6F69B9}.Debug|Any CPU.Build.0 = Debug|Any CPU
		{77242DF6-9FA5-4228-8919-FE293E6F69B9}.Release|Any CPU.ActiveCfg = Release|Any CPU
		{77242DF6-9FA5-4228-8919-FE293E6F69B9}.Release|Any CPU.Build.0 = Release|Any CPU
	EndGlobalSection
	GlobalSection(SolutionProperties) = preSolution
		HideSolutionNode = FALSE
	EndGlobalSection
	GlobalSection(ExtensibilityGlobals) = postSolution
		SolutionGuid = {83D2CE37-E806-4AD3-A159-3C6288AF82EC}
	EndGlobalSection
EndGlobal
